
Microsoft Visual Studio Solution File, Format Version 12.00
# Visual Studio Version 17
VisualStudioVersion = 17.11.35327.3
MinimumVisualStudioVersion = 10.0.40219.1
Project("{2150E333-8FDC-42A3-9474-1A3956D46DE8}") = "FrontEnd", "FrontEnd", "{3F74957C-043D-4C3D-8EAB-5E11F85609C9}"
EndProject
Project("{2150E333-8FDC-42A3-9474-1A3956D46DE8}") = "Gateway", "Gateway", "{D0C89AAE-97F9-413F-9089-D6F91466E77C}"
EndProject
Project("{2150E333-8FDC-42A3-9474-1A3956D46DE8}") = "Integration", "Integration", "{DA92CFB6-AFCE-4572-B770-FD67BFAACB3C}"
EndProject
Project("{2150E333-8FDC-42A3-9474-1A3956D46DE8}") = "Services", "Services", "{974C9E2B-0E16-4530-9268-A96ED7969191}"
EndProject
Project("{9A19103F-16F7-4668-BE54-9A1E7A4F7556}") = "Mango.Services.CouponAPI", "Mango.Services.CouponAPI\Mango.Services.CouponAPI.csproj", "{CC68E147-4C7B-47F5-A927-D93EC5694ECE}"
EndProject
Project("{9A19103F-16F7-4668-BE54-9A1E7A4F7556}") = "Mango.Web", "Mango.Web\Mango.Web.csproj", "{DE0BBC2F-204E-442E-B0D3-A1823CE8C659}"
EndProject
Project("{9A19103F-16F7-4668-BE54-9A1E7A4F7556}") = "Mango.Services.AuthAPI", "Mango.Services.AuthAPI\Mango.Services.AuthAPI.csproj", "{AC90EF33-35A3-423B-ABA7-D50B75207C66}"
EndProject
Project("{9A19103F-16F7-4668-BE54-9A1E7A4F7556}") = "Mango.Services.ProductAPI", "Mango.Services.ProductAPI\Mango.Services.ProductAPI.csproj", "{49A1B5DA-364E-4FDB-A787-9EA378D04BEF}"
EndProject
Project("{9A19103F-16F7-4668-BE54-9A1E7A4F7556}") = "Mango.Services.ShoppingCartAPI", "Mango.Services.ShoppingCartAPI\Mango.Services.ShoppingCartAPI.csproj", "{A25466D1-6DCB-4C43-B6E2-CC7D40B90AA7}"
EndProject
Project("{9A19103F-16F7-4668-BE54-9A1E7A4F7556}") = "Mango.MessageBus", "Mango.MessageBus\Mango.MessageBus.csproj", "{A3B55F5A-E26F-4F4D-A054-5276BC44B1E0}"
EndProject
Project("{9A19103F-16F7-4668-BE54-9A1E7A4F7556}") = "Mango.Services.EmailAPI", "Mango.Services.EmailAPI\Mango.Services.EmailAPI.csproj", "{3599B742-9B34-487F-B9F9-C2FBBD8140E6}"
EndProject
Project("{9A19103F-16F7-4668-BE54-9A1E7A4F7556}") = "Mango.GatewaySolution", "Mango.GatewaySolution\Mango.GatewaySolution.csproj", "{0C8F0A76-8309-4C4A-BA3E-AC54D0D592AF}"
EndProject
Project("{9A19103F-16F7-4668-BE54-9A1E7A4F7556}") = "Mango.Services.OrderAPI", "Mango.Services.OrderAPI\Mango.Services.OrderAPI.csproj", "{17D8191D-B3AE-4B1E-90DE-C83108C9AC4F}"
EndProject
Project("{9A19103F-16F7-4668-BE54-9A1E7A4F7556}") = "Mango.Services.RewardAPI", "Mango.Services.RewardAPI\Mango.Services.RewardAPI.csproj", "{56672A69-FC0D-4CC3-9545-D61C42BDCB30}"
EndProject
Global
	GlobalSection(SolutionConfigurationPlatforms) = preSolution
		Debug|Any CPU = Debug|Any CPU
		Release|Any CPU = Release|Any CPU
	EndGlobalSection
	GlobalSection(ProjectConfigurationPlatforms) = postSolution
		{CC68E147-4C7B-47F5-A927-D93EC5694ECE}.Debug|Any CPU.ActiveCfg = Debug|Any CPU
		{CC68E147-4C7B-47F5-A927-D93EC5694ECE}.Debug|Any CPU.Build.0 = Debug|Any CPU
		{CC68E147-4C7B-47F5-A927-D93EC5694ECE}.Release|Any CPU.ActiveCfg = Release|Any CPU
		{CC68E147-4C7B-47F5-A927-D93EC5694ECE}.Release|Any CPU.Build.0 = Release|Any CPU
		{DE0BBC2F-204E-442E-B0D3-A1823CE8C659}.Debug|Any CPU.ActiveCfg = Debug|Any CPU
		{DE0BBC2F-204E-442E-B0D3-A1823CE8C659}.Debug|Any CPU.Build.0 = Debug|Any CPU
		{DE0BBC2F-204E-442E-B0D3-A1823CE8C659}.Release|Any CPU.ActiveCfg = Release|Any CPU
		{DE0BBC2F-204E-442E-B0D3-A1823CE8C659}.Release|Any CPU.Build.0 = Release|Any CPU
		{AC90EF33-35A3-423B-ABA7-D50B75207C66}.Debug|Any CPU.ActiveCfg = Debug|Any CPU
		{AC90EF33-35A3-423B-ABA7-D50B75207C66}.Debug|Any CPU.Build.0 = Debug|Any CPU
		{AC90EF33-35A3-423B-ABA7-D50B75207C66}.Release|Any CPU.ActiveCfg = Release|Any CPU
		{AC90EF33-35A3-423B-ABA7-D50B75207C66}.Release|Any CPU.Build.0 = Release|Any CPU
		{49A1B5DA-364E-4FDB-A787-9EA378D04BEF}.Debug|Any CPU.ActiveCfg = Debug|Any CPU
		{49A1B5DA-364E-4FDB-A787-9EA378D04BEF}.Debug|Any CPU.Build.0 = Debug|Any CPU
		{49A1B5DA-364E-4FDB-A787-9EA378D04BEF}.Release|Any CPU.ActiveCfg = Release|Any CPU
		{49A1B5DA-364E-4FDB-A787-9EA378D04BEF}.Release|Any CPU.Build.0 = Release|Any CPU
		{A25466D1-6DCB-4C43-B6E2-CC7D40B90AA7}.Debug|Any CPU.ActiveCfg = Debug|Any CPU
		{A25466D1-6DCB-4C43-B6E2-CC7D40B90AA7}.Debug|Any CPU.Build.0 = Debug|Any CPU
		{A25466D1-6DCB-4C43-B6E2-CC7D40B90AA7}.Release|Any CPU.ActiveCfg = Release|Any CPU
		{A25466D1-6DCB-4C43-B6E2-CC7D40B90AA7}.Release|Any CPU.Build.0 = Release|Any CPU
		{A3B55F5A-E26F-4F4D-A054-5276BC44B1E0}.Debug|Any CPU.ActiveCfg = Debug|Any CPU
		{A3B55F5A-E26F-4F4D-A054-5276BC44B1E0}.Debug|Any CPU.Build.0 = Debug|Any CPU
		{A3B55F5A-E26F-4F4D-A054-5276BC44B1E0}.Release|Any CPU.ActiveCfg = Release|Any CPU
		{A3B55F5A-E26F-4F4D-A054-5276BC44B1E0}.Release|Any CPU.Build.0 = Release|Any CPU
		{3599B742-9B34-487F-B9F9-C2FBBD8140E6}.Debug|Any CPU.ActiveCfg = Debug|Any CPU
		{3599B742-9B34-487F-B9F9-C2FBBD8140E6}.Debug|Any CPU.Build.0 = Debug|Any CPU
		{3599B742-9B34-487F-B9F9-C2FBBD8140E6}.Release|Any CPU.ActiveCfg = Release|Any CPU
		{3599B742-9B34-487F-B9F9-C2FBBD8140E6}.Release|Any CPU.Build.0 = Release|Any CPU
		{0C8F0A76-8309-4C4A-BA3E-AC54D0D592AF}.Debug|Any CPU.ActiveCfg = Debug|Any CPU
		{0C8F0A76-8309-4C4A-BA3E-AC54D0D592AF}.Debug|Any CPU.Build.0 = Debug|Any CPU
		{0C8F0A76-8309-4C4A-BA3E-AC54D0D592AF}.Release|Any CPU.ActiveCfg = Release|Any CPU
		{0C8F0A76-8309-4C4A-BA3E-AC54D0D592AF}.Release|Any CPU.Build.0 = Release|Any CPU
		{17D8191D-B3AE-4B1E-90DE-C83108C9AC4F}.Debug|Any CPU.ActiveCfg = Debug|Any CPU
		{17D8191D-B3AE-4B1E-90DE-C83108C9AC4F}.Debug|Any CPU.Build.0 = Debug|Any CPU
		{17D8191D-B3AE-4B1E-90DE-C83108C9AC4F}.Release|Any CPU.ActiveCfg = Release|Any CPU
		{17D8191D-B3AE-4B1E-90DE-C83108C9AC4F}.Release|Any CPU.Build.0 = Release|Any CPU
		{56672A69-FC0D-4CC3-9545-D61C42BDCB30}.Debug|Any CPU.ActiveCfg = Debug|Any CPU
		{56672A69-FC0D-4CC3-9545-D61C42BDCB30}.Debug|Any CPU.Build.0 = Debug|Any CPU
		{56672A69-FC0D-4CC3-9545-D61C42BDCB30}.Release|Any CPU.ActiveCfg = Release|Any CPU
		{56672A69-FC0D-4CC3-9545-D61C42BDCB30}.Release|Any CPU.Build.0 = Release|Any CPU
	EndGlobalSection
	GlobalSection(SolutionProperties) = preSolution
		HideSolutionNode = FALSE
	EndGlobalSection
	GlobalSection(NestedProjects) = preSolution
		{CC68E147-4C7B-47F5-A927-D93EC5694ECE} = {974C9E2B-0E16-4530-9268-A96ED7969191}
		{DE0BBC2F-204E-442E-B0D3-A1823CE8C659} = {3F74957C-043D-4C3D-8EAB-5E11F85609C9}
		{AC90EF33-35A3-423B-ABA7-D50B75207C66} = {974C9E2B-0E16-4530-9268-A96ED7969191}
		{49A1B5DA-364E-4FDB-A787-9EA378D04BEF} = {974C9E2B-0E16-4530-9268-A96ED7969191}
		{A25466D1-6DCB-4C43-B6E2-CC7D40B90AA7} = {974C9E2B-0E16-4530-9268-A96ED7969191}
		{A3B55F5A-E26F-4F4D-A054-5276BC44B1E0} = {974C9E2B-0E16-4530-9268-A96ED7969191}
		{3599B742-9B34-487F-B9F9-C2FBBD8140E6} = {974C9E2B-0E16-4530-9268-A96ED7969191}
		{0C8F0A76-8309-4C4A-BA3E-AC54D0D592AF} = {974C9E2B-0E16-4530-9268-A96ED7969191}
		{17D8191D-B3AE-4B1E-90DE-C83108C9AC4F} = {974C9E2B-0E16-4530-9268-A96ED7969191}
		{56672A69-FC0D-4CC3-9545-D61C42BDCB30} = {974C9E2B-0E16-4530-9268-A96ED7969191}
	EndGlobalSection
	GlobalSection(ExtensibilityGlobals) = postSolution
		SolutionGuid = {90978A3F-92E2-4ECC-B196-36B6B523AA05}
	EndGlobalSection
EndGlobal
